
Microsoft Visual Studio Solution File, Format Version 12.00
# Visual Studio Version 17
VisualStudioVersion = 17.7.34024.191
MinimumVisualStudioVersion = 10.0.40219.1
Project("{9A19103F-16F7-4668-BE54-9A1E7A4F7556}") = "Framework.Api", "Framework.Api\Framework.Api.csproj", "{A624AF88-102E-45C3-B98B-D37E299D54DB}"
EndProject
Project("{9A19103F-16F7-4668-BE54-9A1E7A4F7556}") = "Framework.BLS", "Framework.BLS\Framework.BLS.csproj", "{CFD0F752-6132-4F1B-A871-1ACD0AE5C842}"
EndProject
Project("{9A19103F-16F7-4668-BE54-9A1E7A4F7556}") = "Framework.UnitTests", "Framework.UnitTests\Framework.UnitTests.csproj", "{D586BC4E-6761-401E-B10F-901084F996AA}"
EndProject
Project("{9A19103F-16F7-4668-BE54-9A1E7A4F7556}") = "Framework.DAL", "Framework.DAL\Framework.DAL.csproj", "{2F15CE31-7551-4FFB-BB82-E97EC6974B0F}"
EndProject
Project("{9A19103F-16F7-4668-BE54-9A1E7A4F7556}") = "Framework.Benchmark", "Framework.Benchmark\Framework.Benchmark.csproj", "{2BFEF794-7C94-4C24-AF95-DCD322BABD1D}"
EndProject
Global
	GlobalSection(SolutionConfigurationPlatforms) = preSolution
		Debug|Any CPU = Debug|Any CPU
		Release|Any CPU = Release|Any CPU
	EndGlobalSection
	GlobalSection(ProjectConfigurationPlatforms) = postSolution
		{A624AF88-102E-45C3-B98B-D37E299D54DB}.Debug|Any CPU.ActiveCfg = Debug|Any CPU
		{A624AF88-102E-45C3-B98B-D37E299D54DB}.Debug|Any CPU.Build.0 = Debug|Any CPU
		{A624AF88-102E-45C3-B98B-D37E299D54DB}.Release|Any CPU.ActiveCfg = Release|Any CPU
		{A624AF88-102E-45C3-B98B-D37E299D54DB}.Release|Any CPU.Build.0 = Release|Any CPU
		{CFD0F752-6132-4F1B-A871-1ACD0AE5C842}.Debug|Any CPU.ActiveCfg = Debug|Any CPU
		{CFD0F752-6132-4F1B-A871-1ACD0AE5C842}.Debug|Any CPU.Build.0 = Debug|Any CPU
		{CFD0F752-6132-4F1B-A871-1ACD0AE5C842}.Release|Any CPU.ActiveCfg = Release|Any CPU
		{CFD0F752-6132-4F1B-A871-1ACD0AE5C842}.Release|Any CPU.Build.0 = Release|Any CPU
		{D586BC4E-6761-401E-B10F-901084F996AA}.Debug|Any CPU.ActiveCfg = Debug|Any CPU
		{D586BC4E-6761-401E-B10F-901084F996AA}.Debug|Any CPU.Build.0 = Debug|Any CPU
		{D586BC4E-6761-401E-B10F-901084F996AA}.Release|Any CPU.ActiveCfg = Release|Any CPU
		{D586BC4E-6761-401E-B10F-901084F996AA}.Release|Any CPU.Build.0 = Release|Any CPU
		{2F15CE31-7551-4FFB-BB82-E97EC6974B0F}.Debug|Any CPU.ActiveCfg = Debug|Any CPU
		{2F15CE31-7551-4FFB-BB82-E97EC6974B0F}.Debug|Any CPU.Build.0 = Debug|Any CPU
		{2F15CE31-7551-4FFB-BB82-E97EC6974B0F}.Release|Any CPU.ActiveCfg = Release|Any CPU
		{2F15CE31-7551-4FFB-BB82-E97EC6974B0F}.Release|Any CPU.Build.0 = Release|Any CPU
		{2BFEF794-7C94-4C24-AF95-DCD322BABD1D}.Debug|Any CPU.ActiveCfg = Debug|Any CPU
		{2BFEF794-7C94-4C24-AF95-DCD322BABD1D}.Debug|Any CPU.Build.0 = Debug|Any CPU
		{2BFEF794-7C94-4C24-AF95-DCD322BABD1D}.Release|Any CPU.ActiveCfg = Release|Any CPU
		{2BFEF794-7C94-4C24-AF95-DCD322BABD1D}.Release|Any CPU.Build.0 = Release|Any CPU
	EndGlobalSection
	GlobalSection(SolutionProperties) = preSolution
		HideSolutionNode = FALSE
	EndGlobalSection
	GlobalSection(ExtensibilityGlobals) = postSolution
		SolutionGuid = {4B52A5A4-A53A-431A-88FF-2AE333E5F9D1}
	EndGlobalSection
EndGlobal
